
Microsoft Visual Studio Solution File, Format Version 12.00
# Visual Studio Version 16
VisualStudioVersion = 16.0.30517.126
MinimumVisualStudioVersion = 10.0.40219.1
Project("{FAE04EC0-301F-11D3-BF4B-00C04F79EFBC}") = "TestApp", "TestApp\TestApp.csproj", "{76C103E1-A1B7-44E2-93A1-073E3993BE06}"
EndProject
Global
	GlobalSection(SolutionConfigurationPlatforms) = preSolution
		Debug|Any CPU = Debug|Any CPU
		Release|Any CPU = Release|Any CPU
	EndGlobalSection
	GlobalSection(ProjectConfigurationPlatforms) = postSolution
		{76C103E1-A1B7-44E2-93A1-073E3993BE06}.Debug|Any CPU.ActiveCfg = Debug|Any CPU
		{76C103E1-A1B7-44E2-93A1-073E3993BE06}.Debug|Any CPU.Build.0 = Debug|Any CPU
		{76C103E1-A1B7-44E2-93A1-073E3993BE06}.Release|Any CPU.ActiveCfg = Release|Any CPU
		{76C103E1-A1B7-44E2-93A1-073E3993BE06}.Release|Any CPU.Build.0 = Release|Any CPU
	EndGlobalSection
	GlobalSection(SolutionProperties) = preSolution
		HideSolutionNode = FALSE
	EndGlobalSection
	GlobalSection(ExtensibilityGlobals) = postSolution
		SolutionGuid = {B06DA0AE-6E25-4BB2-97B8-55A93E72663A}
	EndGlobalSection
EndGlobal
