
Microsoft Visual Studio Solution File, Format Version 12.00
# Visual Studio Version 16
VisualStudioVersion = 16.0.30517.126
MinimumVisualStudioVersion = 10.0.40219.1
Project("{FAE04EC0-301F-11D3-BF4B-00C04F79EFBC}") = "TestApp", "TestApp\TestApp.csproj", "{18E9A7FD-5720-47A4-844C-356022C40FC5}"
EndProject
Global
	GlobalSection(SolutionConfigurationPlatforms) = preSolution
		Debug|Any CPU = Debug|Any CPU
		Release|Any CPU = Release|Any CPU
	EndGlobalSection
	GlobalSection(ProjectConfigurationPlatforms) = postSolution
		{18E9A7FD-5720-47A4-844C-356022C40FC5}.Debug|Any CPU.ActiveCfg = Debug|Any CPU
		{18E9A7FD-5720-47A4-844C-356022C40FC5}.Debug|Any CPU.Build.0 = Debug|Any CPU
		{18E9A7FD-5720-47A4-844C-356022C40FC5}.Release|Any CPU.ActiveCfg = Release|Any CPU
		{18E9A7FD-5720-47A4-844C-356022C40FC5}.Release|Any CPU.Build.0 = Release|Any CPU
	EndGlobalSection
	GlobalSection(SolutionProperties) = preSolution
		HideSolutionNode = FALSE
	EndGlobalSection
	GlobalSection(ExtensibilityGlobals) = postSolution
		SolutionGuid = {CC07C6FC-D443-47B7-A551-5542F45B501C}
	EndGlobalSection
EndGlobal
